
Microsoft Visual Studio Solution File, Format Version 12.00
# Visual Studio Version 16
VisualStudioVersion = 16.0.29519.87
MinimumVisualStudioVersion = 10.0.40219.1
Project("{FAE04EC0-301F-11D3-BF4B-00C04F79EFBC}") = "Zad_1_CA", "Zad_1_CA\Zad_1_CA.csproj", "{7B89CF46-DB06-4B87-BD7B-5B7F4D25D4D6}"
EndProject
Project("{FAE04EC0-301F-11D3-BF4B-00C04F79EFBC}") = "ClassLibrary", "ClassLibrary\ClassLibrary.csproj", "{C1891378-C953-46FF-960E-CC5C22D0A63C}"
EndProject
Global
	GlobalSection(SolutionConfigurationPlatforms) = preSolution
		Debug|Any CPU = Debug|Any CPU
		Release|Any CPU = Release|Any CPU
	EndGlobalSection
	GlobalSection(ProjectConfigurationPlatforms) = postSolution
		{7B89CF46-DB06-4B87-BD7B-5B7F4D25D4D6}.Debug|Any CPU.ActiveCfg = Debug|Any CPU
		{7B89CF46-DB06-4B87-BD7B-5B7F4D25D4D6}.Debug|Any CPU.Build.0 = Debug|Any CPU
		{7B89CF46-DB06-4B87-BD7B-5B7F4D25D4D6}.Release|Any CPU.ActiveCfg = Release|Any CPU
		{7B89CF46-DB06-4B87-BD7B-5B7F4D25D4D6}.Release|Any CPU.Build.0 = Release|Any CPU
		{C1891378-C953-46FF-960E-CC5C22D0A63C}.Debug|Any CPU.ActiveCfg = Debug|Any CPU
		{C1891378-C953-46FF-960E-CC5C22D0A63C}.Debug|Any CPU.Build.0 = Debug|Any CPU
		{C1891378-C953-46FF-960E-CC5C22D0A63C}.Release|Any CPU.ActiveCfg = Release|Any CPU
		{C1891378-C953-46FF-960E-CC5C22D0A63C}.Release|Any CPU.Build.0 = Release|Any CPU
	EndGlobalSection
	GlobalSection(SolutionProperties) = preSolution
		HideSolutionNode = FALSE
	EndGlobalSection
	GlobalSection(ExtensibilityGlobals) = postSolution
		SolutionGuid = {90B28561-22FE-44EE-9812-49BF9CF32C72}
	EndGlobalSection
EndGlobal
